
Microsoft Visual Studio Solution File, Format Version 12.00
# Visual Studio Version 17
VisualStudioVersion = 17.11.35327.3
MinimumVisualStudioVersion = 10.0.40219.1
Project("{9A19103F-16F7-4668-BE54-9A1E7A4F7556}") = "SqlTestApp", "AzureTeam-Lab\SqlTestApp.csproj", "{3D61C48A-20AC-4703-9A5A-FBD8F772CFF2}"
EndProject
Global
	GlobalSection(SolutionConfigurationPlatforms) = preSolution
		Debug|Any CPU = Debug|Any CPU
		Release|Any CPU = Release|Any CPU
	EndGlobalSection
	GlobalSection(ProjectConfigurationPlatforms) = postSolution
		{3D61C48A-20AC-4703-9A5A-FBD8F772CFF2}.Debug|Any CPU.ActiveCfg = Debug|Any CPU
		{3D61C48A-20AC-4703-9A5A-FBD8F772CFF2}.Debug|Any CPU.Build.0 = Debug|Any CPU
		{3D61C48A-20AC-4703-9A5A-FBD8F772CFF2}.Release|Any CPU.ActiveCfg = Release|Any CPU
		{3D61C48A-20AC-4703-9A5A-FBD8F772CFF2}.Release|Any CPU.Build.0 = Release|Any CPU
	EndGlobalSection
	GlobalSection(SolutionProperties) = preSolution
		HideSolutionNode = FALSE
	EndGlobalSection
	GlobalSection(ExtensibilityGlobals) = postSolution
		SolutionGuid = {E3F1BC41-12D9-44AD-89B8-B99281EA7D15}
	EndGlobalSection
EndGlobal
